
Microsoft Visual Studio Solution File, Format Version 12.00
# Visual Studio Version 16
VisualStudioVersion = 16.0.30717.126
MinimumVisualStudioVersion = 10.0.40219.1
Project("{FAE04EC0-301F-11D3-BF4B-00C04F79EFBC}") = "AfrikanEchoes", "AfrikanEchoes.csproj", "{520B0DAA-8D49-464C-8463-4464E1AAAB3D}"
EndProject
Global
	GlobalSection(SolutionConfigurationPlatforms) = preSolution
		Debug|Any CPU = Debug|Any CPU
		Release|Any CPU = Release|Any CPU
	EndGlobalSection
	GlobalSection(ProjectConfigurationPlatforms) = postSolution
		{520B0DAA-8D49-464C-8463-4464E1AAAB3D}.Debug|Any CPU.ActiveCfg = Debug|Any CPU
		{520B0DAA-8D49-464C-8463-4464E1AAAB3D}.Debug|Any CPU.Build.0 = Debug|Any CPU
		{520B0DAA-8D49-464C-8463-4464E1AAAB3D}.Release|Any CPU.ActiveCfg = Release|Any CPU
		{520B0DAA-8D49-464C-8463-4464E1AAAB3D}.Release|Any CPU.Build.0 = Release|Any CPU
	EndGlobalSection
	GlobalSection(SolutionProperties) = preSolution
		HideSolutionNode = FALSE
	EndGlobalSection
	GlobalSection(ExtensibilityGlobals) = postSolution
		SolutionGuid = {06E234E6-83BB-4CFE-84CE-0EDF2BDAA26F}
	EndGlobalSection
EndGlobal
